
Microsoft Visual Studio Solution File, Format Version 12.00
# Visual Studio Version 17
VisualStudioVersion = 17.11.35327.3
MinimumVisualStudioVersion = 10.0.40219.1
Project("{9A19103F-16F7-4668-BE54-9A1E7A4F7556}") = "GerenciamentoBiblioteca", "GerenciamentoBiblioteca\GerenciamentoBiblioteca.csproj", "{84BE712A-5EEB-4C9B-B758-BC8581A253E8}"
EndProject
Global
	GlobalSection(SolutionConfigurationPlatforms) = preSolution
		Debug|Any CPU = Debug|Any CPU
		Release|Any CPU = Release|Any CPU
	EndGlobalSection
	GlobalSection(ProjectConfigurationPlatforms) = postSolution
		{84BE712A-5EEB-4C9B-B758-BC8581A253E8}.Debug|Any CPU.ActiveCfg = Debug|Any CPU
		{84BE712A-5EEB-4C9B-B758-BC8581A253E8}.Debug|Any CPU.Build.0 = Debug|Any CPU
		{84BE712A-5EEB-4C9B-B758-BC8581A253E8}.Release|Any CPU.ActiveCfg = Release|Any CPU
		{84BE712A-5EEB-4C9B-B758-BC8581A253E8}.Release|Any CPU.Build.0 = Release|Any CPU
	EndGlobalSection
	GlobalSection(SolutionProperties) = preSolution
		HideSolutionNode = FALSE
	EndGlobalSection
	GlobalSection(ExtensibilityGlobals) = postSolution
		SolutionGuid = {CDE9A879-1E9E-4CAF-958D-AB29F4267932}
	EndGlobalSection
EndGlobal
